
Microsoft Visual Studio Solution File, Format Version 12.00
# Visual Studio Version 17
VisualStudioVersion = 17.0.31903.59
MinimumVisualStudioVersion = 10.0.40219.1
Project("{2150E333-8FDC-42A3-9474-1A3956D46DE8}") = "src", "src", "{827E0CD3-B72D-47B6-A68D-7590B98EB39B}"
EndProject
Project("{FAE04EC0-301F-11D3-BF4B-00C04F79EFBC}") = "Enterprise.Agent.Api", "src\Enterprise.Agent.Api\Enterprise.Agent.Api.csproj", "{FF745380-AAA1-4C61-899A-D8AB0AF0DA8F}"
EndProject
Project("{FAE04EC0-301F-11D3-BF4B-00C04F79EFBC}") = "Enterprise.Agent.Shared", "src\Enterprise.Agent.Shared\Enterprise.Agent.Shared.csproj", "{DDA618EE-1B07-42CA-A528-17140468FD29}"
EndProject
Project("{FAE04EC0-301F-11D3-BF4B-00C04F79EFBC}") = "Enterprise.Agent.Models", "src\Enterprise.Agent.Models\Enterprise.Agent.Models.csproj", "{4CE35452-17BB-4778-ACBC-6D87A137FBDC}"
EndProject
Project("{FAE04EC0-301F-11D3-BF4B-00C04F79EFBC}") = "Enterprise.Agent.Core", "src\Enterprise.Agent.Core\Enterprise.Agent.Core.csproj", "{E1B4CF65-184B-461B-9B2A-CC3A7098C906}"
EndProject
Project("{FAE04EC0-301F-11D3-BF4B-00C04F79EFBC}") = "Enterprise.Agent.Prompts", "src\Enterprise.Agent.Prompts\Enterprise.Agent.Prompts.csproj", "{7275A17E-DD7B-49C0-8D07-7AB93503CC35}"
EndProject
Project("{FAE04EC0-301F-11D3-BF4B-00C04F79EFBC}") = "Enterprise.Agent.VectorStore", "src\Enterprise.Agent.VectorStore\Enterprise.Agent.VectorStore.csproj", "{890A0CBA-857D-473C-A27B-39432BBFB715}"
EndProject
Project("{FAE04EC0-301F-11D3-BF4B-00C04F79EFBC}") = "Enterprise.Agent.Memory", "src\Enterprise.Agent.Memory\Enterprise.Agent.Memory.csproj", "{9110945A-32D5-4310-B918-36971D86E037}"
EndProject
Project("{FAE04EC0-301F-11D3-BF4B-00C04F79EFBC}") = "Enterprise.Agent.Tools", "src\Enterprise.Agent.Tools\Enterprise.Agent.Tools.csproj", "{49052141-1EDE-4BCE-B955-6453D066A4D0}"
EndProject
Project("{FAE04EC0-301F-11D3-BF4B-00C04F79EFBC}") = "Enterprise.Agent.Plugins", "src\Enterprise.Agent.Plugins\Enterprise.Agent.Plugins.csproj", "{5852BC10-9C4F-4FE8-B70F-5CE6F5D18228}"
EndProject
Project("{FAE04EC0-301F-11D3-BF4B-00C04F79EFBC}") = "Enterprise.Agent.Persistence", "src\Enterprise.Agent.Persistence\Enterprise.Agent.Persistence.csproj", "{422EB322-51FD-47AC-9ABE-139773240D72}"
EndProject
Project("{FAE04EC0-301F-11D3-BF4B-00C04F79EFBC}") = "Enterprise.Agent.Security", "src\Enterprise.Agent.Security\Enterprise.Agent.Security.csproj", "{DFF205B4-D9AC-475C-A008-FE3BC53B06FC}"
EndProject
Project("{FAE04EC0-301F-11D3-BF4B-00C04F79EFBC}") = "Enterprise.Agent.Infrastructure", "src\Enterprise.Agent.Infrastructure\Enterprise.Agent.Infrastructure.csproj", "{6787ED1B-29DC-4203-A3E5-C2FFABFA704B}"
EndProject
Project("{2150E333-8FDC-42A3-9474-1A3956D46DE8}") = "tests", "tests", "{0AB3BF05-4346-4AA6-1389-037BE0695223}"
EndProject
Project("{FAE04EC0-301F-11D3-BF4B-00C04F79EFBC}") = "Enterprise.Agent.UnitTests", "tests\Enterprise.Agent.UnitTests\Enterprise.Agent.UnitTests.csproj", "{B0F1DFE9-5C77-43A5-B33B-2BD76E82469A}"
EndProject
Project("{FAE04EC0-301F-11D3-BF4B-00C04F79EFBC}") = "Enterprise.Agent.IntegrationTests", "tests\Enterprise.Agent.IntegrationTests\Enterprise.Agent.IntegrationTests.csproj", "{3645EA29-EC83-4779-B2BB-0E3514CF00E3}"
EndProject
Project("{FAE04EC0-301F-11D3-BF4B-00C04F79EFBC}") = "Enterprise.Agent.Ui", "src\Enterprise.Agent.Ui\Enterprise.Agent.Ui.csproj", "{AED785C2-5DEC-45E8-9660-EFA4C2CA2403}"
EndProject
Global
	GlobalSection(SolutionConfigurationPlatforms) = preSolution
		Debug|Any CPU = Debug|Any CPU
		Debug|x64 = Debug|x64
		Debug|x86 = Debug|x86
		Release|Any CPU = Release|Any CPU
		Release|x64 = Release|x64
		Release|x86 = Release|x86
	EndGlobalSection
	GlobalSection(ProjectConfigurationPlatforms) = postSolution
		{FF745380-AAA1-4C61-899A-D8AB0AF0DA8F}.Debug|Any CPU.ActiveCfg = Debug|Any CPU
		{FF745380-AAA1-4C61-899A-D8AB0AF0DA8F}.Debug|Any CPU.Build.0 = Debug|Any CPU
		{FF745380-AAA1-4C61-899A-D8AB0AF0DA8F}.Debug|x64.ActiveCfg = Debug|Any CPU
		{FF745380-AAA1-4C61-899A-D8AB0AF0DA8F}.Debug|x64.Build.0 = Debug|Any CPU
		{FF745380-AAA1-4C61-899A-D8AB0AF0DA8F}.Debug|x86.ActiveCfg = Debug|Any CPU
		{FF745380-AAA1-4C61-899A-D8AB0AF0DA8F}.Debug|x86.Build.0 = Debug|Any CPU
		{FF745380-AAA1-4C61-899A-D8AB0AF0DA8F}.Release|Any CPU.ActiveCfg = Release|Any CPU
		{FF745380-AAA1-4C61-899A-D8AB0AF0DA8F}.Release|Any CPU.Build.0 = Release|Any CPU
		{FF745380-AAA1-4C61-899A-D8AB0AF0DA8F}.Release|x64.ActiveCfg = Release|Any CPU
		{FF745380-AAA1-4C61-899A-D8AB0AF0DA8F}.Release|x64.Build.0 = Release|Any CPU
		{FF745380-AAA1-4C61-899A-D8AB0AF0DA8F}.Release|x86.ActiveCfg = Release|Any CPU
		{FF745380-AAA1-4C61-899A-D8AB0AF0DA8F}.Release|x86.Build.0 = Release|Any CPU
		{DDA618EE-1B07-42CA-A528-17140468FD29}.Debug|Any CPU.ActiveCfg = Debug|Any CPU
		{DDA618EE-1B07-42CA-A528-17140468FD29}.Debug|Any CPU.Build.0 = Debug|Any CPU
		{DDA618EE-1B07-42CA-A528-17140468FD29}.Debug|x64.ActiveCfg = Debug|Any CPU
		{DDA618EE-1B07-42CA-A528-17140468FD29}.Debug|x64.Build.0 = Debug|Any CPU
		{DDA618EE-1B07-42CA-A528-17140468FD29}.Debug|x86.ActiveCfg = Debug|Any CPU
		{DDA618EE-1B07-42CA-A528-17140468FD29}.Debug|x86.Build.0 = Debug|Any CPU
		{DDA618EE-1B07-42CA-A528-17140468FD29}.Release|Any CPU.ActiveCfg = Release|Any CPU
		{DDA618EE-1B07-42CA-A528-17140468FD29}.Release|Any CPU.Build.0 = Release|Any CPU
		{DDA618EE-1B07-42CA-A528-17140468FD29}.Release|x64.ActiveCfg = Release|Any CPU
		{DDA618EE-1B07-42CA-A528-17140468FD29}.Release|x64.Build.0 = Release|Any CPU
		{DDA618EE-1B07-42CA-A528-17140468FD29}.Release|x86.ActiveCfg = Release|Any CPU
		{DDA618EE-1B07-42CA-A528-17140468FD29}.Release|x86.Build.0 = Release|Any CPU
		{4CE35452-17BB-4778-ACBC-6D87A137FBDC}.Debug|Any CPU.ActiveCfg = Debug|Any CPU
		{4CE35452-17BB-4778-ACBC-6D87A137FBDC}.Debug|Any CPU.Build.0 = Debug|Any CPU
		{4CE35452-17BB-4778-ACBC-6D87A137FBDC}.Debug|x64.ActiveCfg = Debug|Any CPU
		{4CE35452-17BB-4778-ACBC-6D87A137FBDC}.Debug|x64.Build.0 = Debug|Any CPU
		{4CE35452-17BB-4778-ACBC-6D87A137FBDC}.Debug|x86.ActiveCfg = Debug|Any CPU
		{4CE35452-17BB-4778-ACBC-6D87A137FBDC}.Debug|x86.Build.0 = Debug|Any CPU
		{4CE35452-17BB-4778-ACBC-6D87A137FBDC}.Release|Any CPU.ActiveCfg = Release|Any CPU
		{4CE35452-17BB-4778-ACBC-6D87A137FBDC}.Release|Any CPU.Build.0 = Release|Any CPU
		{4CE35452-17BB-4778-ACBC-6D87A137FBDC}.Release|x64.ActiveCfg = Release|Any CPU
		{4CE35452-17BB-4778-ACBC-6D87A137FBDC}.Release|x64.Build.0 = Release|Any CPU
		{4CE35452-17BB-4778-ACBC-6D87A137FBDC}.Release|x86.ActiveCfg = Release|Any CPU
		{4CE35452-17BB-4778-ACBC-6D87A137FBDC}.Release|x86.Build.0 = Release|Any CPU
		{E1B4CF65-184B-461B-9B2A-CC3A7098C906}.Debug|Any CPU.ActiveCfg = Debug|Any CPU
		{E1B4CF65-184B-461B-9B2A-CC3A7098C906}.Debug|Any CPU.Build.0 = Debug|Any CPU
		{E1B4CF65-184B-461B-9B2A-CC3A7098C906}.Debug|x64.ActiveCfg = Debug|Any CPU
		{E1B4CF65-184B-461B-9B2A-CC3A7098C906}.Debug|x64.Build.0 = Debug|Any CPU
		{E1B4CF65-184B-461B-9B2A-CC3A7098C906}.Debug|x86.ActiveCfg = Debug|Any CPU
		{E1B4CF65-184B-461B-9B2A-CC3A7098C906}.Debug|x86.Build.0 = Debug|Any CPU
		{E1B4CF65-184B-461B-9B2A-CC3A7098C906}.Release|Any CPU.ActiveCfg = Release|Any CPU
		{E1B4CF65-184B-461B-9B2A-CC3A7098C906}.Release|Any CPU.Build.0 = Release|Any CPU
		{E1B4CF65-184B-461B-9B2A-CC3A7098C906}.Release|x64.ActiveCfg = Release|Any CPU
		{E1B4CF65-184B-461B-9B2A-CC3A7098C906}.Release|x64.Build.0 = Release|Any CPU
		{E1B4CF65-184B-461B-9B2A-CC3A7098C906}.Release|x86.ActiveCfg = Release|Any CPU
		{E1B4CF65-184B-461B-9B2A-CC3A7098C906}.Release|x86.Build.0 = Release|Any CPU
		{7275A17E-DD7B-49C0-8D07-7AB93503CC35}.Debug|Any CPU.ActiveCfg = Debug|Any CPU
		{7275A17E-DD7B-49C0-8D07-7AB93503CC35}.Debug|Any CPU.Build.0 = Debug|Any CPU
		{7275A17E-DD7B-49C0-8D07-7AB93503CC35}.Debug|x64.ActiveCfg = Debug|Any CPU
		{7275A17E-DD7B-49C0-8D07-7AB93503CC35}.Debug|x64.Build.0 = Debug|Any CPU
		{7275A17E-DD7B-49C0-8D07-7AB93503CC35}.Debug|x86.ActiveCfg = Debug|Any CPU
		{7275A17E-DD7B-49C0-8D07-7AB93503CC35}.Debug|x86.Build.0 = Debug|Any CPU
		{7275A17E-DD7B-49C0-8D07-7AB93503CC35}.Release|Any CPU.ActiveCfg = Release|Any CPU
		{7275A17E-DD7B-49C0-8D07-7AB93503CC35}.Release|Any CPU.Build.0 = Release|Any CPU
		{7275A17E-DD7B-49C0-8D07-7AB93503CC35}.Release|x64.ActiveCfg = Release|Any CPU
		{7275A17E-DD7B-49C0-8D07-7AB93503CC35}.Release|x64.Build.0 = Release|Any CPU
		{7275A17E-DD7B-49C0-8D07-7AB93503CC35}.Release|x86.ActiveCfg = Release|Any CPU
		{7275A17E-DD7B-49C0-8D07-7AB93503CC35}.Release|x86.Build.0 = Release|Any CPU
		{890A0CBA-857D-473C-A27B-39432BBFB715}.Debug|Any CPU.ActiveCfg = Debug|Any CPU
		{890A0CBA-857D-473C-A27B-39432BBFB715}.Debug|Any CPU.Build.0 = Debug|Any CPU
		{890A0CBA-857D-473C-A27B-39432BBFB715}.Debug|x64.ActiveCfg = Debug|Any CPU
		{890A0CBA-857D-473C-A27B-39432BBFB715}.Debug|x64.Build.0 = Debug|Any CPU
		{890A0CBA-857D-473C-A27B-39432BBFB715}.Debug|x86.ActiveCfg = Debug|Any CPU
		{890A0CBA-857D-473C-A27B-39432BBFB715}.Debug|x86.Build.0 = Debug|Any CPU
		{890A0CBA-857D-473C-A27B-39432BBFB715}.Release|Any CPU.ActiveCfg = Release|Any CPU
		{890A0CBA-857D-473C-A27B-39432BBFB715}.Release|Any CPU.Build.0 = Release|Any CPU
		{890A0CBA-857D-473C-A27B-39432BBFB715}.Release|x64.ActiveCfg = Release|Any CPU
		{890A0CBA-857D-473C-A27B-39432BBFB715}.Release|x64.Build.0 = Release|Any CPU
		{890A0CBA-857D-473C-A27B-39432BBFB715}.Release|x86.ActiveCfg = Release|Any CPU
		{890A0CBA-857D-473C-A27B-39432BBFB715}.Release|x86.Build.0 = Release|Any CPU
		{9110945A-32D5-4310-B918-36971D86E037}.Debug|Any CPU.ActiveCfg = Debug|Any CPU
		{9110945A-32D5-4310-B918-36971D86E037}.Debug|Any CPU.Build.0 = Debug|Any CPU
		{9110945A-32D5-4310-B918-36971D86E037}.Debug|x64.ActiveCfg = Debug|Any CPU
		{9110945A-32D5-4310-B918-36971D86E037}.Debug|x64.Build.0 = Debug|Any CPU
		{9110945A-32D5-4310-B918-36971D86E037}.Debug|x86.ActiveCfg = Debug|Any CPU
		{9110945A-32D5-4310-B918-36971D86E037}.Debug|x86.Build.0 = Debug|Any CPU
		{9110945A-32D5-4310-B918-36971D86E037}.Release|Any CPU.ActiveCfg = Release|Any CPU
		{9110945A-32D5-4310-B918-36971D86E037}.Release|Any CPU.Build.0 = Release|Any CPU
		{9110945A-32D5-4310-B918-36971D86E037}.Release|x64.ActiveCfg = Release|Any CPU
		{9110945A-32D5-4310-B918-36971D86E037}.Release|x64.Build.0 = Release|Any CPU
		{9110945A-32D5-4310-B918-36971D86E037}.Release|x86.ActiveCfg = Release|Any CPU
		{9110945A-32D5-4310-B918-36971D86E037}.Release|x86.Build.0 = Release|Any CPU
		{49052141-1EDE-4BCE-B955-6453D066A4D0}.Debug|Any CPU.ActiveCfg = Debug|Any CPU
		{49052141-1EDE-4BCE-B955-6453D066A4D0}.Debug|Any CPU.Build.0 = Debug|Any CPU
		{49052141-1EDE-4BCE-B955-6453D066A4D0}.Debug|x64.ActiveCfg = Debug|Any CPU
		{49052141-1EDE-4BCE-B955-6453D066A4D0}.Debug|x64.Build.0 = Debug|Any CPU
		{49052141-1EDE-4BCE-B955-6453D066A4D0}.Debug|x86.ActiveCfg = Debug|Any CPU
		{49052141-1EDE-4BCE-B955-6453D066A4D0}.Debug|x86.Build.0 = Debug|Any CPU
		{49052141-1EDE-4BCE-B955-6453D066A4D0}.Release|Any CPU.ActiveCfg = Release|Any CPU
		{49052141-1EDE-4BCE-B955-6453D066A4D0}.Release|Any CPU.Build.0 = Release|Any CPU
		{49052141-1EDE-4BCE-B955-6453D066A4D0}.Release|x64.ActiveCfg = Release|Any CPU
		{49052141-1EDE-4BCE-B955-6453D066A4D0}.Release|x64.Build.0 = Release|Any CPU
		{49052141-1EDE-4BCE-B955-6453D066A4D0}.Release|x86.ActiveCfg = Release|Any CPU
		{49052141-1EDE-4BCE-B955-6453D066A4D0}.Release|x86.Build.0 = Release|Any CPU
		{5852BC10-9C4F-4FE8-B70F-5CE6F5D18228}.Debug|Any CPU.ActiveCfg = Debug|Any CPU
		{5852BC10-9C4F-4FE8-B70F-5CE6F5D18228}.Debug|Any CPU.Build.0 = Debug|Any CPU
		{5852BC10-9C4F-4FE8-B70F-5CE6F5D18228}.Debug|x64.ActiveCfg = Debug|Any CPU
		{5852BC10-9C4F-4FE8-B70F-5CE6F5D18228}.Debug|x64.Build.0 = Debug|Any CPU
		{5852BC10-9C4F-4FE8-B70F-5CE6F5D18228}.Debug|x86.ActiveCfg = Debug|Any CPU
		{5852BC10-9C4F-4FE8-B70F-5CE6F5D18228}.Debug|x86.Build.0 = Debug|Any CPU
		{5852BC10-9C4F-4FE8-B70F-5CE6F5D18228}.Release|Any CPU.ActiveCfg = Release|Any CPU
		{5852BC10-9C4F-4FE8-B70F-5CE6F5D18228}.Release|Any CPU.Build.0 = Release|Any CPU
		{5852BC10-9C4F-4FE8-B70F-5CE6F5D18228}.Release|x64.ActiveCfg = Release|Any CPU
		{5852BC10-9C4F-4FE8-B70F-5CE6F5D18228}.Release|x64.Build.0 = Release|Any CPU
		{5852BC10-9C4F-4FE8-B70F-5CE6F5D18228}.Release|x86.ActiveCfg = Release|Any CPU
		{5852BC10-9C4F-4FE8-B70F-5CE6F5D18228}.Release|x86.Build.0 = Release|Any CPU
		{422EB322-51FD-47AC-9ABE-139773240D72}.Debug|Any CPU.ActiveCfg = Debug|Any CPU
		{422EB322-51FD-47AC-9ABE-139773240D72}.Debug|Any CPU.Build.0 = Debug|Any CPU
		{422EB322-51FD-47AC-9ABE-139773240D72}.Debug|x64.ActiveCfg = Debug|Any CPU
		{422EB322-51FD-47AC-9ABE-139773240D72}.Debug|x64.Build.0 = Debug|Any CPU
		{422EB322-51FD-47AC-9ABE-139773240D72}.Debug|x86.ActiveCfg = Debug|Any CPU
		{422EB322-51FD-47AC-9ABE-139773240D72}.Debug|x86.Build.0 = Debug|Any CPU
		{422EB322-51FD-47AC-9ABE-139773240D72}.Release|Any CPU.ActiveCfg = Release|Any CPU
		{422EB322-51FD-47AC-9ABE-139773240D72}.Release|Any CPU.Build.0 = Release|Any CPU
		{422EB322-51FD-47AC-9ABE-139773240D72}.Release|x64.ActiveCfg = Release|Any CPU
		{422EB322-51FD-47AC-9ABE-139773240D72}.Release|x64.Build.0 = Release|Any CPU
		{422EB322-51FD-47AC-9ABE-139773240D72}.Release|x86.ActiveCfg = Release|Any CPU
		{422EB322-51FD-47AC-9ABE-139773240D72}.Release|x86.Build.0 = Release|Any CPU
		{DFF205B4-D9AC-475C-A008-FE3BC53B06FC}.Debug|Any CPU.ActiveCfg = Debug|Any CPU
		{DFF205B4-D9AC-475C-A008-FE3BC53B06FC}.Debug|Any CPU.Build.0 = Debug|Any CPU
		{DFF205B4-D9AC-475C-A008-FE3BC53B06FC}.Debug|x64.ActiveCfg = Debug|Any CPU
		{DFF205B4-D9AC-475C-A008-FE3BC53B06FC}.Debug|x64.Build.0 = Debug|Any CPU
		{DFF205B4-D9AC-475C-A008-FE3BC53B06FC}.Debug|x86.ActiveCfg = Debug|Any CPU
		{DFF205B4-D9AC-475C-A008-FE3BC53B06FC}.Debug|x86.Build.0 = Debug|Any CPU
		{DFF205B4-D9AC-475C-A008-FE3BC53B06FC}.Release|Any CPU.ActiveCfg = Release|Any CPU
		{DFF205B4-D9AC-475C-A008-FE3BC53B06FC}.Release|Any CPU.Build.0 = Release|Any CPU
		{DFF205B4-D9AC-475C-A008-FE3BC53B06FC}.Release|x64.ActiveCfg = Release|Any CPU
		{DFF205B4-D9AC-475C-A008-FE3BC53B06FC}.Release|x64.Build.0 = Release|Any CPU
		{DFF205B4-D9AC-475C-A008-FE3BC53B06FC}.Release|x86.ActiveCfg = Release|Any CPU
		{DFF205B4-D9AC-475C-A008-FE3BC53B06FC}.Release|x86.Build.0 = Release|Any CPU
		{6787ED1B-29DC-4203-A3E5-C2FFABFA704B}.Debug|Any CPU.ActiveCfg = Debug|Any CPU
		{6787ED1B-29DC-4203-A3E5-C2FFABFA704B}.Debug|Any CPU.Build.0 = Debug|Any CPU
		{6787ED1B-29DC-4203-A3E5-C2FFABFA704B}.Debug|x64.ActiveCfg = Debug|Any CPU
		{6787ED1B-29DC-4203-A3E5-C2FFABFA704B}.Debug|x64.Build.0 = Debug|Any CPU
		{6787ED1B-29DC-4203-A3E5-C2FFABFA704B}.Debug|x86.ActiveCfg = Debug|Any CPU
		{6787ED1B-29DC-4203-A3E5-C2FFABFA704B}.Debug|x86.Build.0 = Debug|Any CPU
		{6787ED1B-29DC-4203-A3E5-C2FFABFA704B}.Release|Any CPU.ActiveCfg = Release|Any CPU
		{6787ED1B-29DC-4203-A3E5-C2FFABFA704B}.Release|Any CPU.Build.0 = Release|Any CPU
		{6787ED1B-29DC-4203-A3E5-C2FFABFA704B}.Release|x64.ActiveCfg = Release|Any CPU
		{6787ED1B-29DC-4203-A3E5-C2FFABFA704B}.Release|x64.Build.0 = Release|Any CPU
		{6787ED1B-29DC-4203-A3E5-C2FFABFA704B}.Release|x86.ActiveCfg = Release|Any CPU
		{6787ED1B-29DC-4203-A3E5-C2FFABFA704B}.Release|x86.Build.0 = Release|Any CPU
		{B0F1DFE9-5C77-43A5-B33B-2BD76E82469A}.Debug|Any CPU.ActiveCfg = Debug|Any CPU
		{B0F1DFE9-5C77-43A5-B33B-2BD76E82469A}.Debug|Any CPU.Build.0 = Debug|Any CPU
		{B0F1DFE9-5C77-43A5-B33B-2BD76E82469A}.Debug|x64.ActiveCfg = Debug|Any CPU
		{B0F1DFE9-5C77-43A5-B33B-2BD76E82469A}.Debug|x64.Build.0 = Debug|Any CPU
		{B0F1DFE9-5C77-43A5-B33B-2BD76E82469A}.Debug|x86.ActiveCfg = Debug|Any CPU
		{B0F1DFE9-5C77-43A5-B33B-2BD76E82469A}.Debug|x86.Build.0 = Debug|Any CPU
		{B0F1DFE9-5C77-43A5-B33B-2BD76E82469A}.Release|Any CPU.ActiveCfg = Release|Any CPU
		{B0F1DFE9-5C77-43A5-B33B-2BD76E82469A}.Release|Any CPU.Build.0 = Release|Any CPU
		{B0F1DFE9-5C77-43A5-B33B-2BD76E82469A}.Release|x64.ActiveCfg = Release|Any CPU
		{B0F1DFE9-5C77-43A5-B33B-2BD76E82469A}.Release|x64.Build.0 = Release|Any CPU
		{B0F1DFE9-5C77-43A5-B33B-2BD76E82469A}.Release|x86.ActiveCfg = Release|Any CPU
		{B0F1DFE9-5C77-43A5-B33B-2BD76E82469A}.Release|x86.Build.0 = Release|Any CPU
		{3645EA29-EC83-4779-B2BB-0E3514CF00E3}.Debug|Any CPU.ActiveCfg = Debug|Any CPU
		{3645EA29-EC83-4779-B2BB-0E3514CF00E3}.Debug|Any CPU.Build.0 = Debug|Any CPU
		{3645EA29-EC83-4779-B2BB-0E3514CF00E3}.Debug|x64.ActiveCfg = Debug|Any CPU
		{3645EA29-EC83-4779-B2BB-0E3514CF00E3}.Debug|x64.Build.0 = Debug|Any CPU
		{3645EA29-EC83-4779-B2BB-0E3514CF00E3}.Debug|x86.ActiveCfg = Debug|Any CPU
		{3645EA29-EC83-4779-B2BB-0E3514CF00E3}.Debug|x86.Build.0 = Debug|Any CPU
		{3645EA29-EC83-4779-B2BB-0E3514CF00E3}.Release|Any CPU.ActiveCfg = Release|Any CPU
		{3645EA29-EC83-4779-B2BB-0E3514CF00E3}.Release|Any CPU.Build.0 = Release|Any CPU
		{3645EA29-EC83-4779-B2BB-0E3514CF00E3}.Release|x64.ActiveCfg = Release|Any CPU
		{3645EA29-EC83-4779-B2BB-0E3514CF00E3}.Release|x64.Build.0 = Release|Any CPU
		{3645EA29-EC83-4779-B2BB-0E3514CF00E3}.Release|x86.ActiveCfg = Release|Any CPU
		{3645EA29-EC83-4779-B2BB-0E3514CF00E3}.Release|x86.Build.0 = Release|Any CPU
		{AED785C2-5DEC-45E8-9660-EFA4C2CA2403}.Debug|Any CPU.ActiveCfg = Debug|Any CPU
		{AED785C2-5DEC-45E8-9660-EFA4C2CA2403}.Debug|Any CPU.Build.0 = Debug|Any CPU
		{AED785C2-5DEC-45E8-9660-EFA4C2CA2403}.Debug|x64.ActiveCfg = Debug|Any CPU
		{AED785C2-5DEC-45E8-9660-EFA4C2CA2403}.Debug|x64.Build.0 = Debug|Any CPU
		{AED785C2-5DEC-45E8-9660-EFA4C2CA2403}.Debug|x86.ActiveCfg = Debug|Any CPU
		{AED785C2-5DEC-45E8-9660-EFA4C2CA2403}.Debug|x86.Build.0 = Debug|Any CPU
		{AED785C2-5DEC-45E8-9660-EFA4C2CA2403}.Release|Any CPU.ActiveCfg = Release|Any CPU
		{AED785C2-5DEC-45E8-9660-EFA4C2CA2403}.Release|Any CPU.Build.0 = Release|Any CPU
		{AED785C2-5DEC-45E8-9660-EFA4C2CA2403}.Release|x64.ActiveCfg = Release|Any CPU
		{AED785C2-5DEC-45E8-9660-EFA4C2CA2403}.Release|x64.Build.0 = Release|Any CPU
		{AED785C2-5DEC-45E8-9660-EFA4C2CA2403}.Release|x86.ActiveCfg = Release|Any CPU
		{AED785C2-5DEC-45E8-9660-EFA4C2CA2403}.Release|x86.Build.0 = Release|Any CPU
	EndGlobalSection
	GlobalSection(SolutionProperties) = preSolution
		HideSolutionNode = FALSE
	EndGlobalSection
	GlobalSection(NestedProjects) = preSolution
		{FF745380-AAA1-4C61-899A-D8AB0AF0DA8F} = {827E0CD3-B72D-47B6-A68D-7590B98EB39B}
		{DDA618EE-1B07-42CA-A528-17140468FD29} = {827E0CD3-B72D-47B6-A68D-7590B98EB39B}
		{4CE35452-17BB-4778-ACBC-6D87A137FBDC} = {827E0CD3-B72D-47B6-A68D-7590B98EB39B}
		{E1B4CF65-184B-461B-9B2A-CC3A7098C906} = {827E0CD3-B72D-47B6-A68D-7590B98EB39B}
		{7275A17E-DD7B-49C0-8D07-7AB93503CC35} = {827E0CD3-B72D-47B6-A68D-7590B98EB39B}
		{890A0CBA-857D-473C-A27B-39432BBFB715} = {827E0CD3-B72D-47B6-A68D-7590B98EB39B}
		{9110945A-32D5-4310-B918-36971D86E037} = {827E0CD3-B72D-47B6-A68D-7590B98EB39B}
		{49052141-1EDE-4BCE-B955-6453D066A4D0} = {827E0CD3-B72D-47B6-A68D-7590B98EB39B}
		{5852BC10-9C4F-4FE8-B70F-5CE6F5D18228} = {827E0CD3-B72D-47B6-A68D-7590B98EB39B}
		{422EB322-51FD-47AC-9ABE-139773240D72} = {827E0CD3-B72D-47B6-A68D-7590B98EB39B}
		{DFF205B4-D9AC-475C-A008-FE3BC53B06FC} = {827E0CD3-B72D-47B6-A68D-7590B98EB39B}
		{6787ED1B-29DC-4203-A3E5-C2FFABFA704B} = {827E0CD3-B72D-47B6-A68D-7590B98EB39B}
		{B0F1DFE9-5C77-43A5-B33B-2BD76E82469A} = {0AB3BF05-4346-4AA6-1389-037BE0695223}
		{3645EA29-EC83-4779-B2BB-0E3514CF00E3} = {0AB3BF05-4346-4AA6-1389-037BE0695223}
		{AED785C2-5DEC-45E8-9660-EFA4C2CA2403} = {827E0CD3-B72D-47B6-A68D-7590B98EB39B}
	EndGlobalSection
EndGlobal
